<?xml version="1.0" encoding="utf-8"?>
<Project ToolsVersion="4.0" xmlns="http://schemas.microsoft.com/developer/msbuild/2003">
  <ItemGroup>
    <Filter Include="Source Files">
      <UniqueIdentifier>{4FC737F1-C7A5-4376-A066-2A32D752A2FF}</UniqueIdentifier>
      <Extensions>cpp;c;cc;cxx;c++;cppm;ixx;def;odl;idl;hpj;bat;asm;asmx</Extensions>
    </Filter>
    <Filter Include="Header Files">
      <UniqueIdentifier>{93995380-89BD-4b04-88EB-625FBE52EBFB}</UniqueIdentifier>
      <Extensions>h;hh;hpp;hxx;h++;hm;inl;inc;ipp;xsd</Extensions>
    </Filter>
    <Filter Include="Resource Files">
      <UniqueIdentifier>{67DA6AB6-F800-4c08-8B7A-83BB121AAD01}</UniqueIdentifier>
      <Extensions>rc;ico;cur;bmp;dlg;rc2;rct;bin;rgs;gif;jpg;jpeg;jpe;resx;tiff;tif;png;wav;mfcribbon-ms</Extensions>
    </Filter>
  </ItemGroup>
  <ItemGroup>
    <ClCompile Include="code\main.cpp">
      <Filter>Source Files</Filter>
    </ClCompile>
    <ClCompile Include="code\tmx_parsing.cpp">
      <Filter>Source Files</Filter>
    </ClCompile>
    <ClCompile Include="code\jormath.cpp">
      <Filter>Source Files</Filter>
    </ClCompile>
    <ClCompile Include="code\jorstring.cpp">
      <Filter>Source Files</Filter>
    </ClCompile>
    <ClCompile Include="code\game_data.cpp">
      <Filter>Source Files</Filter>
    </ClCompile>
    <ClCompile Include="code\text_rendering.cpp">
      <Filter>Source Files</Filter>
    </ClCompile>
    <ClCompile Include="code\animation.cpp">
      <Filter>Source Files</Filter>
    </ClCompile>
    <ClCompile Include="code\special_entities.cpp">
      <Filter>Source Files</Filter>
    </ClCompile>
    <ClCompile Include="code\map.cpp">
      <Filter>Source Files</Filter>
    </ClCompile>
    <ClCompile Include="code\sdl_platform.cpp">
      <Filter>Source Files</Filter>
    </ClCompile>
    <ClCompile Include="code\collision.cpp">
      <Filter>Source Files</Filter>
    </ClCompile>
    <ClCompile Include="code\entities.cpp">
      <Filter>Source Files</Filter>
    </ClCompile>
    <ClCompile Include="code\player.cpp">
      <Filter>Source Files</Filter>
    </ClCompile>
    <ClCompile Include="code\rendering.cpp">
      <Filter>Source Files</Filter>
    </ClCompile>
    <ClCompile Include="code\input.cpp">
      <Filter>Source Files</Filter>
    </ClCompile>
    <ClCompile Include="code\ui.cpp">
      <Filter>Source Files</Filter>
    </ClCompile>
    <ClCompile Include="code\level_parsing.cpp">
      <Filter>Source Files</Filter>
    </ClCompile>
    <ClCompile Include="code\debug.cpp">
      <Filter>Source Files</Filter>
    </ClCompile>
    <ClCompile Include="code\backdrops.cpp">
      <Filter>Source Files</Filter>
    </ClCompile>
    <ClCompile Include="code\level_initialization.cpp">
      <Filter>Source Files</Filter>
    </ClCompile>
    <ClCompile Include="code\progress.cpp">
      <Filter>Source Files</Filter>
    </ClCompile>
  </ItemGroup>
  <ItemGroup>
    <ClInclude Include="code\tmx_parsing.h">
      <Filter>Header Files</Filter>
    </ClInclude>
    <ClInclude Include="code\main.h">
      <Filter>Header Files</Filter>
    </ClInclude>
    <ClInclude Include="code\jorutils.h">
      <Filter>Header Files</Filter>
    </ClInclude>
    <ClInclude Include="code\jorstring.h">
      <Filter>Header Files</Filter>
    </ClInclude>
    <ClInclude Include="code\jormath.h">
      <Filter>Header Files</Filter>
    </ClInclude>
    <ClInclude Include="code\game_data.h">
      <Filter>Header Files</Filter>
    </ClInclude>
    <ClInclude Include="code\text_rendering.h">
      <Filter>Header Files</Filter>
    </ClInclude>
    <ClInclude Include="code\animation.h">
      <Filter>Header Files</Filter>
    </ClInclude>
    <ClInclude Include="code\special_entities.h">
      <Filter>Header Files</Filter>
    </ClInclude>
    <ClInclude Include="code\map.h">
      <Filter>Header Files</Filter>
    </ClInclude>
    <ClInclude Include="code\sdl_platform.h">
      <Filter>Header Files</Filter>
    </ClInclude>
    <ClInclude Include="code\collision.h">
      <Filter>Header Files</Filter>
    </ClInclude>
    <ClInclude Include="code\entities.h">
      <Filter>Header Files</Filter>
    </ClInclude>
    <ClInclude Include="code\player.h">
      <Filter>Header Files</Filter>
    </ClInclude>
    <ClInclude Include="code\rendering.h">
      <Filter>Header Files</Filter>
    </ClInclude>
    <ClInclude Include="code\input.h">
      <Filter>Header Files</Filter>
    </ClInclude>
    <ClInclude Include="code\ui.h">
      <Filter>Header Files</Filter>
    </ClInclude>
    <ClInclude Include="code\level_parsing.h">
      <Filter>Header Files</Filter>
    </ClInclude>
    <ClInclude Include="code\debug.h">
      <Filter>Header Files</Filter>
    </ClInclude>
    <ClInclude Include="code\backdrops.h">
      <Filter>Header Files</Filter>
    </ClInclude>
    <ClInclude Include="code\level_initialization.h">
      <Filter>Header Files</Filter>
    </ClInclude>
    <ClInclude Include="code\progress.h">
      <Filter>Header Files</Filter>
    </ClInclude>
  </ItemGroup>
  <ItemGroup>
    <CopyFileToFolders Include="SDL2.dll" />
    <CopyFileToFolders Include="SDL2_image.dll" />
    <CopyFileToFolders Include="SDL2_mixer.dll" />
  </ItemGroup>
</Project>